
Microsoft Visual Studio Solution File, Format Version 12.00
# Visual Studio 15
VisualStudioVersion = 15.0.28307.1000
MinimumVisualStudioVersion = 10.0.40219.1
Project("{FAE04EC0-301F-11D3-BF4B-00C04F79EFBC}") = "SameFileTest", "SameFileTest\SameFileTest.csproj", "{73E5B91F-40B0-4EC8-8651-F802A809AB1E}"
EndProject
Project("{FAE04EC0-301F-11D3-BF4B-00C04F79EFBC}") = "SameFileTestTests", "SameFileTestTests\SameFileTestTests.csproj", "{E3FC14E4-D1AA-4EFF-837D-ED01FBD7C7A5}"
EndProject
Global
	GlobalSection(SolutionConfigurationPlatforms) = preSolution
		Debug|Any CPU = Debug|Any CPU
		Release|Any CPU = Release|Any CPU
	EndGlobalSection
	GlobalSection(ProjectConfigurationPlatforms) = postSolution
		{73E5B91F-40B0-4EC8-8651-F802A809AB1E}.Debug|Any CPU.ActiveCfg = Debug|Any CPU
		{73E5B91F-40B0-4EC8-8651-F802A809AB1E}.Debug|Any CPU.Build.0 = Debug|Any CPU
		{73E5B91F-40B0-4EC8-8651-F802A809AB1E}.Release|Any CPU.ActiveCfg = Release|Any CPU
		{73E5B91F-40B0-4EC8-8651-F802A809AB1E}.Release|Any CPU.Build.0 = Release|Any CPU
		{E3FC14E4-D1AA-4EFF-837D-ED01FBD7C7A5}.Debug|Any CPU.ActiveCfg = Debug|Any CPU
		{E3FC14E4-D1AA-4EFF-837D-ED01FBD7C7A5}.Debug|Any CPU.Build.0 = Debug|Any CPU
		{E3FC14E4-D1AA-4EFF-837D-ED01FBD7C7A5}.Release|Any CPU.ActiveCfg = Release|Any CPU
		{E3FC14E4-D1AA-4EFF-837D-ED01FBD7C7A5}.Release|Any CPU.Build.0 = Release|Any CPU
	EndGlobalSection
	GlobalSection(SolutionProperties) = preSolution
		HideSolutionNode = FALSE
	EndGlobalSection
	GlobalSection(ExtensibilityGlobals) = postSolution
		SolutionGuid = {36C21EF9-058D-476F-B0D3-D26EA6E099EF}
	EndGlobalSection
EndGlobal
